
Microsoft Visual Studio Solution File, Format Version 12.00
# Visual Studio 15
VisualStudioVersion = 15.0.27703.2042
MinimumVisualStudioVersion = 10.0.40219.1
Project("{FAE04EC0-301F-11D3-BF4B-00C04F79EFBC}") = "SimpleGameServer", "SimpleGameServer\SimpleGameServer.csproj", "{3B52E872-9F50-4DEE-B7A6-8A932EFDAEEC}"
EndProject
Project("{FAE04EC0-301F-11D3-BF4B-00C04F79EFBC}") = "ClientWPF", "ClientWPF\ClientWPF.csproj", "{5F380295-874D-45F8-AC1D-F235DAAEAD5A}"
EndProject
Global
	GlobalSection(SolutionConfigurationPlatforms) = preSolution
		Debug|Any CPU = Debug|Any CPU
		Release|Any CPU = Release|Any CPU
	EndGlobalSection
	GlobalSection(ProjectConfigurationPlatforms) = postSolution
		{3B52E872-9F50-4DEE-B7A6-8A932EFDAEEC}.Debug|Any CPU.ActiveCfg = Debug|Any CPU
		{3B52E872-9F50-4DEE-B7A6-8A932EFDAEEC}.Debug|Any CPU.Build.0 = Debug|Any CPU
		{3B52E872-9F50-4DEE-B7A6-8A932EFDAEEC}.Release|Any CPU.ActiveCfg = Release|Any CPU
		{3B52E872-9F50-4DEE-B7A6-8A932EFDAEEC}.Release|Any CPU.Build.0 = Release|Any CPU
		{5F380295-874D-45F8-AC1D-F235DAAEAD5A}.Debug|Any CPU.ActiveCfg = Debug|Any CPU
		{5F380295-874D-45F8-AC1D-F235DAAEAD5A}.Debug|Any CPU.Build.0 = Debug|Any CPU
		{5F380295-874D-45F8-AC1D-F235DAAEAD5A}.Release|Any CPU.ActiveCfg = Release|Any CPU
		{5F380295-874D-45F8-AC1D-F235DAAEAD5A}.Release|Any CPU.Build.0 = Release|Any CPU
	EndGlobalSection
	GlobalSection(SolutionProperties) = preSolution
		HideSolutionNode = FALSE
	EndGlobalSection
	GlobalSection(ExtensibilityGlobals) = postSolution
		SolutionGuid = {C0D47347-F73E-408C-8238-C166C8135086}
	EndGlobalSection
EndGlobal
